
Microsoft Visual Studio Solution File, Format Version 12.00
# Visual Studio Version 16
VisualStudioVersion = 16.0.29920.165
MinimumVisualStudioVersion = 10.0.40219.1
Project("{FAE04EC0-301F-11D3-BF4B-00C04F79EFBC}") = "HealthMonitorForms", "..\HealthInfo\HealthMonitorForms.csproj", "{74E1496B-C0E1-4E70-8FCA-FEE539FA3F09}"
EndProject
Project("{FAE04EC0-301F-11D3-BF4B-00C04F79EFBC}") = "HealthMonitorTest", "..\HealthInfoTest\HealthMonitorTest.csproj", "{DDDE13C8-67C2-46A8-89E5-D367E3E32428}"
EndProject
Project("{FAE04EC0-301F-11D3-BF4B-00C04F79EFBC}") = "DataStructure", "DataStructure\DataStructure.csproj", "{27F69DB3-5BEA-4992-A208-7607114EC1D1}"
EndProject
Global
	GlobalSection(SolutionConfigurationPlatforms) = preSolution
		Debug|Any CPU = Debug|Any CPU
		Release|Any CPU = Release|Any CPU
	EndGlobalSection
	GlobalSection(ProjectConfigurationPlatforms) = postSolution
		{74E1496B-C0E1-4E70-8FCA-FEE539FA3F09}.Debug|Any CPU.ActiveCfg = Debug|Any CPU
		{74E1496B-C0E1-4E70-8FCA-FEE539FA3F09}.Debug|Any CPU.Build.0 = Debug|Any CPU
		{74E1496B-C0E1-4E70-8FCA-FEE539FA3F09}.Release|Any CPU.ActiveCfg = Release|Any CPU
		{74E1496B-C0E1-4E70-8FCA-FEE539FA3F09}.Release|Any CPU.Build.0 = Release|Any CPU
		{DDDE13C8-67C2-46A8-89E5-D367E3E32428}.Debug|Any CPU.ActiveCfg = Debug|Any CPU
		{DDDE13C8-67C2-46A8-89E5-D367E3E32428}.Debug|Any CPU.Build.0 = Debug|Any CPU
		{DDDE13C8-67C2-46A8-89E5-D367E3E32428}.Release|Any CPU.ActiveCfg = Release|Any CPU
		{DDDE13C8-67C2-46A8-89E5-D367E3E32428}.Release|Any CPU.Build.0 = Release|Any CPU
		{27F69DB3-5BEA-4992-A208-7607114EC1D1}.Debug|Any CPU.ActiveCfg = Debug|Any CPU
		{27F69DB3-5BEA-4992-A208-7607114EC1D1}.Debug|Any CPU.Build.0 = Debug|Any CPU
		{27F69DB3-5BEA-4992-A208-7607114EC1D1}.Release|Any CPU.ActiveCfg = Release|Any CPU
		{27F69DB3-5BEA-4992-A208-7607114EC1D1}.Release|Any CPU.Build.0 = Release|Any CPU
	EndGlobalSection
	GlobalSection(SolutionProperties) = preSolution
		HideSolutionNode = FALSE
	EndGlobalSection
	GlobalSection(ExtensibilityGlobals) = postSolution
		SolutionGuid = {886E0DB3-1AAC-40D3-A269-A2C9B7CED749}
	EndGlobalSection
EndGlobal
